// !$*UTF8*$!
{
	archiveVersion = 1;
	classes = {
	};
	objectVersion = 46;
	objects = {

/* Begin PBXBuildFile section */
		16495DB41D3404C800B70ECA /* AppDelegate.swift in Sources */ = {isa = PBXBuildFile; fileRef = 16495DB31D3404C800B70ECA /* AppDelegate.swift */; };
		16495DB61D3404C800B70ECA /* ViewController.swift in Sources */ = {isa = PBXBuildFile; fileRef = 16495DB51D3404C800B70ECA /* ViewController.swift */; };
		16495DB91D3404C800B70ECA /* Main.storyboard in Resources */ = {isa = PBXBuildFile; fileRef = 16495DB71D3404C800B70ECA /* Main.storyboard */; };
		16495DBB1D3404C800B70ECA /* Assets.xcassets in Resources */ = {isa = PBXBuildFile; fileRef = 16495DBA1D3404C800B70ECA /* Assets.xcassets */; };
		16495DBE1D3404C800B70ECA /* LaunchScreen.storyboard in Resources */ = {isa = PBXBuildFile; fileRef = 16495DBC1D3404C800B70ECA /* LaunchScreen.storyboard */; };
		16495DC91D3404C800B70ECA /* konashi_ir_receiverTests.swift in Sources */ = {isa = PBXBuildFile; fileRef = 16495DC81D3404C800B70ECA /* konashi_ir_receiverTests.swift */; };
		16495DD41D3404C800B70ECA /* konashi_ir_receiverUITests.swift in Sources */ = {isa = PBXBuildFile; fileRef = 16495DD31D3404C800B70ECA /* konashi_ir_receiverUITests.swift */; };
		16495DE21D3405E600B70ECA /* CoreBluetooth.framework in Frameworks */ = {isa = PBXBuildFile; fileRef = 16495DE11D3405E600B70ECA /* CoreBluetooth.framework */; };
		16495E191D3409BF00B70ECA /* CBPeripheral+Konashi.m in Sources */ = {isa = PBXBuildFile; fileRef = 16495DF21D3409BF00B70ECA /* CBPeripheral+Konashi.m */; };
		16495E1A1D3409BF00B70ECA /* CBService+Konashi.m in Sources */ = {isa = PBXBuildFile; fileRef = 16495DF41D3409BF00B70ECA /* CBService+Konashi.m */; };
		16495E1B1D3409BF00B70ECA /* CBUUID+Konashi.m in Sources */ = {isa = PBXBuildFile; fileRef = 16495DF61D3409BF00B70ECA /* CBUUID+Konashi.m */; };
		16495E1C1D3409BF00B70ECA /* KNSCentralManager+UI.m in Sources */ = {isa = PBXBuildFile; fileRef = 16495DF91D3409BF00B70ECA /* KNSCentralManager+UI.m */; };
		16495E1D1D3409BF00B70ECA /* Konashi+ACDrive.m in Sources */ = {isa = PBXBuildFile; fileRef = 16495DFB1D3409BF00B70ECA /* Konashi+ACDrive.m */; };
		16495E1E1D3409BF00B70ECA /* Konashi+ADC.m in Sources */ = {isa = PBXBuildFile; fileRef = 16495DFD1D3409BF00B70ECA /* Konashi+ADC.m */; };
		16495E1F1D3409BF00B70ECA /* Konashi+Grove.m in Sources */ = {isa = PBXBuildFile; fileRef = 16495DFF1D3409BF00B70ECA /* Konashi+Grove.m */; };
		16495E201D3409BF00B70ECA /* Konashi+JavaScriptBindings.m in Sources */ = {isa = PBXBuildFile; fileRef = 16495E011D3409BF00B70ECA /* Konashi+JavaScriptBindings.m */; };
		16495E211D3409BF00B70ECA /* KNSKonashiPeripheralImpl.m in Sources */ = {isa = PBXBuildFile; fileRef = 16495E071D3409BF00B70ECA /* KNSKonashiPeripheralImpl.m */; };
		16495E221D3409BF00B70ECA /* KNSKoshianPeripheralImpl.m in Sources */ = {isa = PBXBuildFile; fileRef = 16495E091D3409BF00B70ECA /* KNSKoshianPeripheralImpl.m */; };
		16495E231D3409BF00B70ECA /* KNSPeripheralBaseImpl.m in Sources */ = {isa = PBXBuildFile; fileRef = 16495E0B1D3409BF00B70ECA /* KNSPeripheralBaseImpl.m */; };
		16495E241D3409BF00B70ECA /* KNSCentralManager.m in Sources */ = {isa = PBXBuildFile; fileRef = 16495E0F1D3409BF00B70ECA /* KNSCentralManager.m */; };
		16495E251D3409BF00B70ECA /* KNSHandlerManager.m in Sources */ = {isa = PBXBuildFile; fileRef = 16495E111D3409BF00B70ECA /* KNSHandlerManager.m */; };
		16495E261D3409BF00B70ECA /* KNSPeripheral.m in Sources */ = {isa = PBXBuildFile; fileRef = 16495E131D3409BF00B70ECA /* KNSPeripheral.m */; };
		16495E271D3409BF00B70ECA /* Konashi.m in Sources */ = {isa = PBXBuildFile; fileRef = 16495E161D3409BF00B70ECA /* Konashi.m */; };
		16495E281D3409BF00B70ECA /* KonashiUtils.m in Sources */ = {isa = PBXBuildFile; fileRef = 16495E181D3409BF00B70ECA /* KonashiUtils.m */; };
/* End PBXBuildFile section */

/* Begin PBXContainerItemProxy section */
		16495DC51D3404C800B70ECA /* PBXContainerItemProxy */ = {
			isa = PBXContainerItemProxy;
			containerPortal = 16495DA81D3404C800B70ECA /* Project object */;
			proxyType = 1;
			remoteGlobalIDString = 16495DAF1D3404C800B70ECA;
			remoteInfo = "konashi-ir-receiver";
		};
		16495DD01D3404C800B70ECA /* PBXContainerItemProxy */ = {
			isa = PBXContainerItemProxy;
			containerPortal = 16495DA81D3404C800B70ECA /* Project object */;
			proxyType = 1;
			remoteGlobalIDString = 16495DAF1D3404C800B70ECA;
			remoteInfo = "konashi-ir-receiver";
		};
/* End PBXContainerItemProxy section */

/* Begin PBXFileReference section */
		16495DB01D3404C800B70ECA /* konashi-ir-receiver.app */ = {isa = PBXFileReference; explicitFileType = wrapper.application; includeInIndex = 0; path = "konashi-ir-receiver.app"; sourceTree = BUILT_PRODUCTS_DIR; };
		16495DB31D3404C800B70ECA /* AppDelegate.swift */ = {isa = PBXFileReference; lastKnownFileType = sourcecode.swift; path = AppDelegate.swift; sourceTree = "<group>"; };
		16495DB51D3404C800B70ECA /* ViewController.swift */ = {isa = PBXFileReference; lastKnownFileType = sourcecode.swift; path = ViewController.swift; sourceTree = "<group>"; };
		16495DB81D3404C800B70ECA /* Base */ = {isa = PBXFileReference; lastKnownFileType = file.storyboard; name = Base; path = Base.lproj/Main.storyboard; sourceTree = "<group>"; };
		16495DBA1D3404C800B70ECA /* Assets.xcassets */ = {isa = PBXFileReference; lastKnownFileType = folder.assetcatalog; path = Assets.xcassets; sourceTree = "<group>"; };
		16495DBD1D3404C800B70ECA /* Base */ = {isa = PBXFileReference; lastKnownFileType = file.storyboard; name = Base; path = Base.lproj/LaunchScreen.storyboard; sourceTree = "<group>"; };
		16495DBF1D3404C800B70ECA /* Info.plist */ = {isa = PBXFileReference; lastKnownFileType = text.plist.xml; path = Info.plist; sourceTree = "<group>"; };
		16495DC41D3404C800B70ECA /* konashi-ir-receiverTests.xctest */ = {isa = PBXFileReference; explicitFileType = wrapper.cfbundle; includeInIndex = 0; path = "konashi-ir-receiverTests.xctest"; sourceTree = BUILT_PRODUCTS_DIR; };
		16495DC81D3404C800B70ECA /* konashi_ir_receiverTests.swift */ = {isa = PBXFileReference; lastKnownFileType = sourcecode.swift; path = konashi_ir_receiverTests.swift; sourceTree = "<group>"; };
		16495DCA1D3404C800B70ECA /* Info.plist */ = {isa = PBXFileReference; lastKnownFileType = text.plist.xml; path = Info.plist; sourceTree = "<group>"; };
		16495DCF1D3404C800B70ECA /* konashi-ir-receiverUITests.xctest */ = {isa = PBXFileReference; explicitFileType = wrapper.cfbundle; includeInIndex = 0; path = "konashi-ir-receiverUITests.xctest"; sourceTree = BUILT_PRODUCTS_DIR; };
		16495DD31D3404C800B70ECA /* konashi_ir_receiverUITests.swift */ = {isa = PBXFileReference; lastKnownFileType = sourcecode.swift; path = konashi_ir_receiverUITests.swift; sourceTree = "<group>"; };
		16495DD51D3404C800B70ECA /* Info.plist */ = {isa = PBXFileReference; lastKnownFileType = text.plist.xml; path = Info.plist; sourceTree = "<group>"; };
		16495DE11D3405E600B70ECA /* CoreBluetooth.framework */ = {isa = PBXFileReference; lastKnownFileType = wrapper.framework; name = CoreBluetooth.framework; path = System/Library/Frameworks/CoreBluetooth.framework; sourceTree = SDKROOT; };
		16495DF11D3409BF00B70ECA /* CBPeripheral+Konashi.h */ = {isa = PBXFileReference; fileEncoding = 4; lastKnownFileType = sourcecode.c.h; path = "CBPeripheral+Konashi.h"; sourceTree = "<group>"; };
		16495DF21D3409BF00B70ECA /* CBPeripheral+Konashi.m */ = {isa = PBXFileReference; fileEncoding = 4; lastKnownFileType = sourcecode.c.objc; path = "CBPeripheral+Konashi.m"; sourceTree = "<group>"; };
		16495DF31D3409BF00B70ECA /* CBService+Konashi.h */ = {isa = PBXFileReference; fileEncoding = 4; lastKnownFileType = sourcecode.c.h; path = "CBService+Konashi.h"; sourceTree = "<group>"; };
		16495DF41D3409BF00B70ECA /* CBService+Konashi.m */ = {isa = PBXFileReference; fileEncoding = 4; lastKnownFileType = sourcecode.c.objc; path = "CBService+Konashi.m"; sourceTree = "<group>"; };
		16495DF51D3409BF00B70ECA /* CBUUID+Konashi.h */ = {isa = PBXFileReference; fileEncoding = 4; lastKnownFileType = sourcecode.c.h; path = "CBUUID+Konashi.h"; sourceTree = "<group>"; };
		16495DF61D3409BF00B70ECA /* CBUUID+Konashi.m */ = {isa = PBXFileReference; fileEncoding = 4; lastKnownFileType = sourcecode.c.objc; path = "CBUUID+Konashi.m"; sourceTree = "<group>"; };
		16495DF81D3409BF00B70ECA /* KNSCentralManager+UI.h */ = {isa = PBXFileReference; fileEncoding = 4; lastKnownFileType = sourcecode.c.h; path = "KNSCentralManager+UI.h"; sourceTree = "<group>"; };
		16495DF91D3409BF00B70ECA /* KNSCentralManager+UI.m */ = {isa = PBXFileReference; fileEncoding = 4; lastKnownFileType = sourcecode.c.objc; path = "KNSCentralManager+UI.m"; sourceTree = "<group>"; };
		16495DFA1D3409BF00B70ECA /* Konashi+ACDrive.h */ = {isa = PBXFileReference; fileEncoding = 4; lastKnownFileType = sourcecode.c.h; path = "Konashi+ACDrive.h"; sourceTree = "<group>"; };
		16495DFB1D3409BF00B70ECA /* Konashi+ACDrive.m */ = {isa = PBXFileReference; fileEncoding = 4; lastKnownFileType = sourcecode.c.objc; path = "Konashi+ACDrive.m"; sourceTree = "<group>"; };
		16495DFC1D3409BF00B70ECA /* Konashi+ADC.h */ = {isa = PBXFileReference; fileEncoding = 4; lastKnownFileType = sourcecode.c.h; path = "Konashi+ADC.h"; sourceTree = "<group>"; };
		16495DFD1D3409BF00B70ECA /* Konashi+ADC.m */ = {isa = PBXFileReference; fileEncoding = 4; lastKnownFileType = sourcecode.c.objc; path = "Konashi+ADC.m"; sourceTree = "<group>"; };
		16495DFE1D3409BF00B70ECA /* Konashi+Grove.h */ = {isa = PBXFileReference; fileEncoding = 4; lastKnownFileType = sourcecode.c.h; path = "Konashi+Grove.h"; sourceTree = "<group>"; };
		16495DFF1D3409BF00B70ECA /* Konashi+Grove.m */ = {isa = PBXFileReference; fileEncoding = 4; lastKnownFileType = sourcecode.c.objc; path = "Konashi+Grove.m"; sourceTree = "<group>"; };
		16495E001D3409BF00B70ECA /* Konashi+JavaScriptBindings.h */ = {isa = PBXFileReference; fileEncoding = 4; lastKnownFileType = sourcecode.c.h; path = "Konashi+JavaScriptBindings.h"; sourceTree = "<group>"; };
		16495E011D3409BF00B70ECA /* Konashi+JavaScriptBindings.m */ = {isa = PBXFileReference; fileEncoding = 4; lastKnownFileType = sourcecode.c.objc; path = "Konashi+JavaScriptBindings.m"; sourceTree = "<group>"; };
		16495E021D3409BF00B70ECA /* KonashiJavaScriptBindingsProtocol.h */ = {isa = PBXFileReference; fileEncoding = 4; lastKnownFileType = sourcecode.c.h; path = KonashiJavaScriptBindingsProtocol.h; sourceTree = "<group>"; };
		16495E041D3409BF00B70ECA /* KonashiConstant.h */ = {isa = PBXFileReference; fileEncoding = 4; lastKnownFileType = sourcecode.c.h; path = KonashiConstant.h; sourceTree = "<group>"; };
		16495E061D3409BF00B70ECA /* KNSKonashiPeripheralImpl.h */ = {isa = PBXFileReference; fileEncoding = 4; lastKnownFileType = sourcecode.c.h; path = KNSKonashiPeripheralImpl.h; sourceTree = "<group>"; };
		16495E071D3409BF00B70ECA /* KNSKonashiPeripheralImpl.m */ = {isa = PBXFileReference; fileEncoding = 4; lastKnownFileType = sourcecode.c.objc; path = KNSKonashiPeripheralImpl.m; sourceTree = "<group>"; };
		16495E081D3409BF00B70ECA /* KNSKoshianPeripheralImpl.h */ = {isa = PBXFileReference; fileEncoding = 4; lastKnownFileType = sourcecode.c.h; path = KNSKoshianPeripheralImpl.h; sourceTree = "<group>"; };
		16495E091D3409BF00B70ECA /* KNSKoshianPeripheralImpl.m */ = {isa = PBXFileReference; fileEncoding = 4; lastKnownFileType = sourcecode.c.objc; path = KNSKoshianPeripheralImpl.m; sourceTree = "<group>"; };
		16495E0A1D3409BF00B70ECA /* KNSPeripheralBaseImpl.h */ = {isa = PBXFileReference; fileEncoding = 4; lastKnownFileType = sourcecode.c.h; path = KNSPeripheralBaseImpl.h; sourceTree = "<group>"; };
		16495E0B1D3409BF00B70ECA /* KNSPeripheralBaseImpl.m */ = {isa = PBXFileReference; fileEncoding = 4; lastKnownFileType = sourcecode.c.objc; path = KNSPeripheralBaseImpl.m; sourceTree = "<group>"; };
		16495E0C1D3409BF00B70ECA /* KNSPeripheralImplProtocol.h */ = {isa = PBXFileReference; fileEncoding = 4; lastKnownFileType = sourcecode.c.h; path = KNSPeripheralImplProtocol.h; sourceTree = "<group>"; };
		16495E0D1D3409BF00B70ECA /* KNSPeripheralImpls.h */ = {isa = PBXFileReference; fileEncoding = 4; lastKnownFileType = sourcecode.c.h; path = KNSPeripheralImpls.h; sourceTree = "<group>"; };
		16495E0E1D3409BF00B70ECA /* KNSCentralManager.h */ = {isa = PBXFileReference; fileEncoding = 4; lastKnownFileType = sourcecode.c.h; path = KNSCentralManager.h; sourceTree = "<group>"; };
		16495E0F1D3409BF00B70ECA /* KNSCentralManager.m */ = {isa = PBXFileReference; fileEncoding = 4; lastKnownFileType = sourcecode.c.objc; path = KNSCentralManager.m; sourceTree = "<group>"; };
		16495E101D3409BF00B70ECA /* KNSHandlerManager.h */ = {isa = PBXFileReference; fileEncoding = 4; lastKnownFileType = sourcecode.c.h; path = KNSHandlerManager.h; sourceTree = "<group>"; };
		16495E111D3409BF00B70ECA /* KNSHandlerManager.m */ = {isa = PBXFileReference; fileEncoding = 4; lastKnownFileType = sourcecode.c.objc; path = KNSHandlerManager.m; sourceTree = "<group>"; };
		16495E121D3409BF00B70ECA /* KNSPeripheral.h */ = {isa = PBXFileReference; fileEncoding = 4; lastKnownFileType = sourcecode.c.h; path = KNSPeripheral.h; sourceTree = "<group>"; };
		16495E131D3409BF00B70ECA /* KNSPeripheral.m */ = {isa = PBXFileReference; fileEncoding = 4; lastKnownFileType = sourcecode.c.objc; path = KNSPeripheral.m; sourceTree = "<group>"; };
		16495E141D3409BF00B70ECA /* Konashi-Prefix.pch */ = {isa = PBXFileReference; fileEncoding = 4; lastKnownFileType = sourcecode.c.h; path = "Konashi-Prefix.pch"; sourceTree = "<group>"; };
		16495E151D3409BF00B70ECA /* Konashi.h */ = {isa = PBXFileReference; fileEncoding = 4; lastKnownFileType = sourcecode.c.h; path = Konashi.h; sourceTree = "<group>"; };
		16495E161D3409BF00B70ECA /* Konashi.m */ = {isa = PBXFileReference; fileEncoding = 4; lastKnownFileType = sourcecode.c.objc; path = Konashi.m; sourceTree = "<group>"; };
		16495E171D3409BF00B70ECA /* KonashiUtils.h */ = {isa = PBXFileReference; fileEncoding = 4; lastKnownFileType = sourcecode.c.h; path = KonashiUtils.h; sourceTree = "<group>"; };
		16495E181D3409BF00B70ECA /* KonashiUtils.m */ = {isa = PBXFileReference; fileEncoding = 4; lastKnownFileType = sourcecode.c.objc; path = KonashiUtils.m; sourceTree = "<group>"; };
/* End PBXFileReference section */

/* Begin PBXFrameworksBuildPhase section */
		16495DAD1D3404C800B70ECA /* Frameworks */ = {
			isa = PBXFrameworksBuildPhase;
			buildActionMask = 2147483647;
			files = (
				16495DE21D3405E600B70ECA /* CoreBluetooth.framework in Frameworks */,
			);
			runOnlyForDeploymentPostprocessing = 0;
		};
		16495DC11D3404C800B70ECA /* Frameworks */ = {
			isa = PBXFrameworksBuildPhase;
			buildActionMask = 2147483647;
			files = (
			);
			runOnlyForDeploymentPostprocessing = 0;
		};
		16495DCC1D3404C800B70ECA /* Frameworks */ = {
			isa = PBXFrameworksBuildPhase;
			buildActionMask = 2147483647;
			files = (
			);
			runOnlyForDeploymentPostprocessing = 0;
		};
/* End PBXFrameworksBuildPhase section */

/* Begin PBXGroup section */
		16495DA71D3404C800B70ECA = {
			isa = PBXGroup;
			children = (
				16495DEE1D3409BF00B70ECA /* Konashi */,
				16495DE11D3405E600B70ECA /* CoreBluetooth.framework */,
				16495DB21D3404C800B70ECA /* konashi-ir-receiver */,
				16495DC71D3404C800B70ECA /* konashi-ir-receiverTests */,
				16495DD21D3404C800B70ECA /* konashi-ir-receiverUITests */,
				16495DB11D3404C800B70ECA /* Products */,
			);
			sourceTree = "<group>";
		};
		16495DB11D3404C800B70ECA /* Products */ = {
			isa = PBXGroup;
			children = (
				16495DB01D3404C800B70ECA /* konashi-ir-receiver.app */,
				16495DC41D3404C800B70ECA /* konashi-ir-receiverTests.xctest */,
				16495DCF1D3404C800B70ECA /* konashi-ir-receiverUITests.xctest */,
			);
			name = Products;
			sourceTree = "<group>";
		};
		16495DB21D3404C800B70ECA /* konashi-ir-receiver */ = {
			isa = PBXGroup;
			children = (
				16495DB31D3404C800B70ECA /* AppDelegate.swift */,
				16495DB51D3404C800B70ECA /* ViewController.swift */,
				16495DB71D3404C800B70ECA /* Main.storyboard */,
				16495DBA1D3404C800B70ECA /* Assets.xcassets */,
				16495DBC1D3404C800B70ECA /* LaunchScreen.storyboard */,
				16495DBF1D3404C800B70ECA /* Info.plist */,
			);
			path = "konashi-ir-receiver";
			sourceTree = "<group>";
		};
		16495DC71D3404C800B70ECA /* konashi-ir-receiverTests */ = {
			isa = PBXGroup;
			children = (
				16495DC81D3404C800B70ECA /* konashi_ir_receiverTests.swift */,
				16495DCA1D3404C800B70ECA /* Info.plist */,
			);
			path = "konashi-ir-receiverTests";
			sourceTree = "<group>";
		};
		16495DD21D3404C800B70ECA /* konashi-ir-receiverUITests */ = {
			isa = PBXGroup;
			children = (
				16495DD31D3404C800B70ECA /* konashi_ir_receiverUITests.swift */,
				16495DD51D3404C800B70ECA /* Info.plist */,
			);
			path = "konashi-ir-receiverUITests";
			sourceTree = "<group>";
		};
		16495DEE1D3409BF00B70ECA /* Konashi */ = {
			isa = PBXGroup;
			children = (
				16495DEF1D3409BF00B70ECA /* Category */,
				16495E031D3409BF00B70ECA /* Constant */,
				16495E051D3409BF00B70ECA /* Impl */,
				16495E0E1D3409BF00B70ECA /* KNSCentralManager.h */,
				16495E0F1D3409BF00B70ECA /* KNSCentralManager.m */,
				16495E101D3409BF00B70ECA /* KNSHandlerManager.h */,
				16495E111D3409BF00B70ECA /* KNSHandlerManager.m */,
				16495E121D3409BF00B70ECA /* KNSPeripheral.h */,
				16495E131D3409BF00B70ECA /* KNSPeripheral.m */,
				16495E141D3409BF00B70ECA /* Konashi-Prefix.pch */,
				16495E151D3409BF00B70ECA /* Konashi.h */,
				16495E161D3409BF00B70ECA /* Konashi.m */,
				16495E171D3409BF00B70ECA /* KonashiUtils.h */,
				16495E181D3409BF00B70ECA /* KonashiUtils.m */,
			);
			path = Konashi;
			sourceTree = "<group>";
		};
		16495DEF1D3409BF00B70ECA /* Category */ = {
			isa = PBXGroup;
			children = (
				16495DF01D3409BF00B70ECA /* CoreBluetooth */,
				16495DF71D3409BF00B70ECA /* Konashi */,
			);
			path = Category;
			sourceTree = "<group>";
		};
		16495DF01D3409BF00B70ECA /* CoreBluetooth */ = {
			isa = PBXGroup;
			children = (
				16495DF11D3409BF00B70ECA /* CBPeripheral+Konashi.h */,
				16495DF21D3409BF00B70ECA /* CBPeripheral+Konashi.m */,
				16495DF31D3409BF00B70ECA /* CBService+Konashi.h */,
				16495DF41D3409BF00B70ECA /* CBService+Konashi.m */,
				16495DF51D3409BF00B70ECA /* CBUUID+Konashi.h */,
				16495DF61D3409BF00B70ECA /* CBUUID+Konashi.m */,
			);
			path = CoreBluetooth;
			sourceTree = "<group>";
		};
		16495DF71D3409BF00B70ECA /* Konashi */ = {
			isa = PBXGroup;
			children = (
				16495DF81D3409BF00B70ECA /* KNSCentralManager+UI.h */,
				16495DF91D3409BF00B70ECA /* KNSCentralManager+UI.m */,
				16495DFA1D3409BF00B70ECA /* Konashi+ACDrive.h */,
				16495DFB1D3409BF00B70ECA /* Konashi+ACDrive.m */,
				16495DFC1D3409BF00B70ECA /* Konashi+ADC.h */,
				16495DFD1D3409BF00B70ECA /* Konashi+ADC.m */,
				16495DFE1D3409BF00B70ECA /* Konashi+Grove.h */,
				16495DFF1D3409BF00B70ECA /* Konashi+Grove.m */,
				16495E001D3409BF00B70ECA /* Konashi+JavaScriptBindings.h */,
				16495E011D3409BF00B70ECA /* Konashi+JavaScriptBindings.m */,
				16495E021D3409BF00B70ECA /* KonashiJavaScriptBindingsProtocol.h */,
			);
			path = Konashi;
			sourceTree = "<group>";
		};
		16495E031D3409BF00B70ECA /* Constant */ = {
			isa = PBXGroup;
			children = (
				16495E041D3409BF00B70ECA /* KonashiConstant.h */,
			);
			path = Constant;
			sourceTree = "<group>";
		};
		16495E051D3409BF00B70ECA /* Impl */ = {
			isa = PBXGroup;
			children = (
				16495E061D3409BF00B70ECA /* KNSKonashiPeripheralImpl.h */,
				16495E071D3409BF00B70ECA /* KNSKonashiPeripheralImpl.m */,
				16495E081D3409BF00B70ECA /* KNSKoshianPeripheralImpl.h */,
				16495E091D3409BF00B70ECA /* KNSKoshianPeripheralImpl.m */,
				16495E0A1D3409BF00B70ECA /* KNSPeripheralBaseImpl.h */,
				16495E0B1D3409BF00B70ECA /* KNSPeripheralBaseImpl.m */,
				16495E0C1D3409BF00B70ECA /* KNSPeripheralImplProtocol.h */,
				16495E0D1D3409BF00B70ECA /* KNSPeripheralImpls.h */,
			);
			path = Impl;
			sourceTree = "<group>";
		};
/* End PBXGroup section */

/* Begin PBXNativeTarget section */
		16495DAF1D3404C800B70ECA /* konashi-ir-receiver */ = {
			isa = PBXNativeTarget;
			buildConfigurationList = 16495DD81D3404C800B70ECA /* Build configuration list for PBXNativeTarget "konashi-ir-receiver" */;
			buildPhases = (
				16495DAC1D3404C800B70ECA /* Sources */,
				16495DAD1D3404C800B70ECA /* Frameworks */,
				16495DAE1D3404C800B70ECA /* Resources */,
			);
			buildRules = (
			);
			dependencies = (
			);
			name = "konashi-ir-receiver";
			productName = "konashi-ir-receiver";
			productReference = 16495DB01D3404C800B70ECA /* konashi-ir-receiver.app */;
			productType = "com.apple.product-type.application";
		};
		16495DC31D3404C800B70ECA /* konashi-ir-receiverTests */ = {
			isa = PBXNativeTarget;
			buildConfigurationList = 16495DDB1D3404C800B70ECA /* Build configuration list for PBXNativeTarget "konashi-ir-receiverTests" */;
			buildPhases = (
				16495DC01D3404C800B70ECA /* Sources */,
				16495DC11D3404C800B70ECA /* Frameworks */,
				16495DC21D3404C800B70ECA /* Resources */,
			);
			buildRules = (
			);
			dependencies = (
				16495DC61D3404C800B70ECA /* PBXTargetDependency */,
			);
			name = "konashi-ir-receiverTests";
			productName = "konashi-ir-receiverTests";
			productReference = 16495DC41D3404C800B70ECA /* konashi-ir-receiverTests.xctest */;
			productType = "com.apple.product-type.bundle.unit-test";
		};
		16495DCE1D3404C800B70ECA /* konashi-ir-receiverUITests */ = {
			isa = PBXNativeTarget;
			buildConfigurationList = 16495DDE1D3404C800B70ECA /* Build configuration list for PBXNativeTarget "konashi-ir-receiverUITests" */;
			buildPhases = (
				16495DCB1D3404C800B70ECA /* Sources */,
				16495DCC1D3404C800B70ECA /* Frameworks */,
				16495DCD1D3404C800B70ECA /* Resources */,
			);
			buildRules = (
			);
			dependencies = (
				16495DD11D3404C800B70ECA /* PBXTargetDependency */,
			);
			name = "konashi-ir-receiverUITests";
			productName = "konashi-ir-receiverUITests";
			productReference = 16495DCF1D3404C800B70ECA /* konashi-ir-receiverUITests.xctest */;
			productType = "com.apple.product-type.bundle.ui-testing";
		};
/* End PBXNativeTarget section */

/* Begin PBXProject section */
		16495DA81D3404C800B70ECA /* Project object */ = {
			isa = PBXProject;
			attributes = {
				LastSwiftUpdateCheck = 0730;
				LastUpgradeCheck = 0730;
				ORGANIZATIONNAME = ItoKunihiko;
				TargetAttributes = {
					16495DAF1D3404C800B70ECA = {
						CreatedOnToolsVersion = 7.3.1;
						DevelopmentTeam = RS6HW2Q7K3;
					};
					16495DC31D3404C800B70ECA = {
						CreatedOnToolsVersion = 7.3.1;
						TestTargetID = 16495DAF1D3404C800B70ECA;
					};
					16495DCE1D3404C800B70ECA = {
						CreatedOnToolsVersion = 7.3.1;
						TestTargetID = 16495DAF1D3404C800B70ECA;
					};
				};
			};
			buildConfigurationList = 16495DAB1D3404C800B70ECA /* Build configuration list for PBXProject "konashi-ir-receiver" */;
			compatibilityVersion = "Xcode 3.2";
			developmentRegion = English;
			hasScannedForEncodings = 0;
			knownRegions = (
				en,
				Base,
			);
			mainGroup = 16495DA71D3404C800B70ECA;
			productRefGroup = 16495DB11D3404C800B70ECA /* Products */;
			projectDirPath = "";
			projectRoot = "";
			targets = (
				16495DAF1D3404C800B70ECA /* konashi-ir-receiver */,
				16495DC31D3404C800B70ECA /* konashi-ir-receiverTests */,
				16495DCE1D3404C800B70ECA /* konashi-ir-receiverUITests */,
			);
		};
/* End PBXProject section */

/* Begin PBXResourcesBuildPhase section */
		16495DAE1D3404C800B70ECA /* Resources */ = {
			isa = PBXResourcesBuildPhase;
			buildActionMask = 2147483647;
			files = (
				16495DBE1D3404C800B70ECA /* LaunchScreen.storyboard in Resources */,
				16495DBB1D3404C800B70ECA /* Assets.xcassets in Resources */,
				16495DB91D3404C800B70ECA /* Main.storyboard in Resources */,
			);
			runOnlyForDeploymentPostprocessing = 0;
		};
		16495DC21D3404C800B70ECA /* Resources */ = {
			isa = PBXResourcesBuildPhase;
			buildActionMask = 2147483647;
			files = (
			);
			runOnlyForDeploymentPostprocessing = 0;
		};
		16495DCD1D3404C800B70ECA /* Resources */ = {
			isa = PBXResourcesBuildPhase;
			buildActionMask = 2147483647;
			files = (
			);
			runOnlyForDeploymentPostprocessing = 0;
		};
/* End PBXResourcesBuildPhase section */

/* Begin PBXSourcesBuildPhase section */
		16495DAC1D3404C800B70ECA /* Sources */ = {
			isa = PBXSourcesBuildPhase;
			buildActionMask = 2147483647;
			files = (
				16495E221D3409BF00B70ECA /* KNSKoshianPeripheralImpl.m in Sources */,
				16495E1E1D3409BF00B70ECA /* Konashi+ADC.m in Sources */,
				16495E261D3409BF00B70ECA /* KNSPeripheral.m in Sources */,
				16495E1C1D3409BF00B70ECA /* KNSCentralManager+UI.m in Sources */,
				16495E251D3409BF00B70ECA /* KNSHandlerManager.m in Sources */,
				16495E201D3409BF00B70ECA /* Konashi+JavaScriptBindings.m in Sources */,
				16495E211D3409BF00B70ECA /* KNSKonashiPeripheralImpl.m in Sources */,
				16495E281D3409BF00B70ECA /* KonashiUtils.m in Sources */,
				16495E1A1D3409BF00B70ECA /* CBService+Konashi.m in Sources */,
				16495E1B1D3409BF00B70ECA /* CBUUID+Konashi.m in Sources */,
				16495E1D1D3409BF00B70ECA /* Konashi+ACDrive.m in Sources */,
				16495E271D3409BF00B70ECA /* Konashi.m in Sources */,
				16495DB61D3404C800B70ECA /* ViewController.swift in Sources */,
				16495E231D3409BF00B70ECA /* KNSPeripheralBaseImpl.m in Sources */,
				16495E241D3409BF00B70ECA /* KNSCentralManager.m in Sources */,
				16495E1F1D3409BF00B70ECA /* Konashi+Grove.m in Sources */,
				16495E191D3409BF00B70ECA /* CBPeripheral+Konashi.m in Sources */,
				16495DB41D3404C800B70ECA /* AppDelegate.swift in Sources */,
			);
			runOnlyForDeploymentPostprocessing = 0;
		};
		16495DC01D3404C800B70ECA /* Sources */ = {
			isa = PBXSourcesBuildPhase;
			buildActionMask = 2147483647;
			files = (
				16495DC91D3404C800B70ECA /* konashi_ir_receiverTests.swift in Sources */,
			);
			runOnlyForDeploymentPostprocessing = 0;
		};
		16495DCB1D3404C800B70ECA /* Sources */ = {
			isa = PBXSourcesBuildPhase;
			buildActionMask = 2147483647;
			files = (
				16495DD41D3404C800B70ECA /* konashi_ir_receiverUITests.swift in Sources */,
			);
			runOnlyForDeploymentPostprocessing = 0;
		};
/* End PBXSourcesBuildPhase section */

/* Begin PBXTargetDependency section */
		16495DC61D3404C800B70ECA /* PBXTargetDependency */ = {
			isa = PBXTargetDependency;
			target = 16495DAF1D3404C800B70ECA /* konashi-ir-receiver */;
			targetProxy = 16495DC51D3404C800B70ECA /* PBXContainerItemProxy */;
		};
		16495DD11D3404C800B70ECA /* PBXTargetDependency */ = {
			isa = PBXTargetDependency;
			target = 16495DAF1D3404C800B70ECA /* konashi-ir-receiver */;
			targetProxy = 16495DD01D3404C800B70ECA /* PBXContainerItemProxy */;
		};
/* End PBXTargetDependency section */

/* Begin PBXVariantGroup section */
		16495DB71D3404C800B70ECA /* Main.storyboard */ = {
			isa = PBXVariantGroup;
			children = (
				16495DB81D3404C800B70ECA /* Base */,
			);
			name = Main.storyboard;
			sourceTree = "<group>";
		};
		16495DBC1D3404C800B70ECA /* LaunchScreen.storyboard */ = {
			isa = PBXVariantGroup;
			children = (
				16495DBD1D3404C800B70ECA /* Base */,
			);
			name = LaunchScreen.storyboard;
			sourceTree = "<group>";
		};
/* End PBXVariantGroup section */

/* Begin XCBuildConfiguration section */
		16495DD61D3404C800B70ECA /* Debug */ = {
			isa = XCBuildConfiguration;
			buildSettings = {
				ALWAYS_SEARCH_USER_PATHS = NO;
				CLANG_ANALYZER_NONNULL = YES;
				CLANG_CXX_LANGUAGE_STANDARD = "gnu++0x";
				CLANG_CXX_LIBRARY = "libc++";
				CLANG_ENABLE_MODULES = YES;
				CLANG_ENABLE_OBJC_ARC = YES;
				CLANG_WARN_BOOL_CONVERSION = YES;
				CLANG_WARN_CONSTANT_CONVERSION = YES;
				CLANG_WARN_DIRECT_OBJC_ISA_USAGE = YES_ERROR;
				CLANG_WARN_EMPTY_BODY = YES;
				CLANG_WARN_ENUM_CONVERSION = YES;
				CLANG_WARN_INT_CONVERSION = YES;
				CLANG_WARN_OBJC_ROOT_CLASS = YES_ERROR;
				CLANG_WARN_UNREACHABLE_CODE = YES;
				CLANG_WARN__DUPLICATE_METHOD_MATCH = YES;
				"CODE_SIGN_IDENTITY[sdk=iphoneos*]" = "iPhone Developer";
				COPY_PHASE_STRIP = NO;
				DEBUG_INFORMATION_FORMAT = dwarf;
				ENABLE_STRICT_OBJC_MSGSEND = YES;
				ENABLE_TESTABILITY = YES;
				GCC_C_LANGUAGE_STANDARD = gnu99;
				GCC_DYNAMIC_NO_PIC = NO;
				GCC_NO_COMMON_BLOCKS = YES;
				GCC_OPTIMIZATION_LEVEL = 0;
				GCC_PREPROCESSOR_DEFINITIONS = (
					"DEBUG=1",
					"$(inherited)",
				);
				GCC_WARN_64_TO_32_BIT_CONVERSION = YES;
				GCC_WARN_ABOUT_RETURN_TYPE = YES_ERROR;
				GCC_WARN_UNDECLARED_SELECTOR = YES;
				GCC_WARN_UNINITIALIZED_AUTOS = YES_AGGRESSIVE;
				GCC_WARN_UNUSED_FUNCTION = YES;
				GCC_WARN_UNUSED_VARIABLE = YES;
				IPHONEOS_DEPLOYMENT_TARGET = 9.3;
				MTL_ENABLE_DEBUG_INFO = YES;
				ONLY_ACTIVE_ARCH = YES;
				SDKROOT = iphoneos;
				SWIFT_OPTIMIZATION_LEVEL = "-Onone";
			};
			name = Debug;
		};
		16495DD71D3404C800B70ECA /* Release */ = {
			isa = XCBuildConfiguration;
			buildSettings = {
				ALWAYS_SEARCH_USER_PATHS = NO;
				CLANG_ANALYZER_NONNULL = YES;
				CLANG_CXX_LANGUAGE_STANDARD = "gnu++0x";
				CLANG_CXX_LIBRARY = "libc++";
				CLANG_ENABLE_MODULES = YES;
				CLANG_ENABLE_OBJC_ARC = YES;
				CLANG_WARN_BOOL_CONVERSION = YES;
				CLANG_WARN_CONSTANT_CONVERSION = YES;
				CLANG_WARN_DIRECT_OBJC_ISA_USAGE = YES_ERROR;
				CLANG_WARN_EMPTY_BODY = YES;
				CLANG_WARN_ENUM_CONVERSION = YES;
				CLANG_WARN_INT_CONVERSION = YES;
				CLANG_WARN_OBJC_ROOT_CLASS = YES_ERROR;
				CLANG_WARN_UNREACHABLE_CODE = YES;
				CLANG_WARN__DUPLICATE_METHOD_MATCH = YES;
				"CODE_SIGN_IDENTITY[sdk=iphoneos*]" = "iPhone Developer";
				COPY_PHASE_STRIP = NO;
				DEBUG_INFORMATION_FORMAT = "dwarf-with-dsym";
				ENABLE_NS_ASSERTIONS = NO;
				ENABLE_STRICT_OBJC_MSGSEND = YES;
				GCC_C_LANGUAGE_STANDARD = gnu99;
				GCC_NO_COMMON_BLOCKS = YES;
				GCC_WARN_64_TO_32_BIT_CONVERSION = YES;
				GCC_WARN_ABOUT_RETURN_TYPE = YES_ERROR;
				GCC_WARN_UNDECLARED_SELECTOR = YES;
				GCC_WARN_UNINITIALIZED_AUTOS = YES_AGGRESSIVE;
				GCC_WARN_UNUSED_FUNCTION = YES;
				GCC_WARN_UNUSED_VARIABLE = YES;
				IPHONEOS_DEPLOYMENT_TARGET = 9.3;
				MTL_ENABLE_DEBUG_INFO = NO;
				SDKROOT = iphoneos;
				VALIDATE_PRODUCT = YES;
			};
			name = Release;
		};
		16495DD91D3404C800B70ECA /* Debug */ = {
			isa = XCBuildConfiguration;
			buildSettings = {
				ASSETCATALOG_COMPILER_APPICON_NAME = AppIcon;
				CODE_SIGN_IDENTITY = "iPhone Developer";
				"CODE_SIGN_IDENTITY[sdk=iphoneos*]" = "iPhone Developer";
				INFOPLIST_FILE = "konashi-ir-receiver/Info.plist";
				LD_RUNPATH_SEARCH_PATHS = "$(inherited) @executable_path/Frameworks";
				PRODUCT_BUNDLE_IDENTIFIER = "com.kunitoo.konashi-ir-receiver";
				PRODUCT_NAME = "$(TARGET_NAME)";
				PROVISIONING_PROFILE = "";
			};
			name = Debug;
		};
		16495DDA1D3404C800B70ECA /* Release */ = {
			isa = XCBuildConfiguration;
			buildSettings = {
				ASSETCATALOG_COMPILER_APPICON_NAME = AppIcon;
				CODE_SIGN_IDENTITY = "iPhone Developer";
				"CODE_SIGN_IDENTITY[sdk=iphoneos*]" = "iPhone Developer";
				INFOPLIST_FILE = "konashi-ir-receiver/Info.plist";
				LD_RUNPATH_SEARCH_PATHS = "$(inherited) @executable_path/Frameworks";
				PRODUCT_BUNDLE_IDENTIFIER = "com.kunitoo.konashi-ir-receiver";
				PRODUCT_NAME = "$(TARGET_NAME)";
				PROVISIONING_PROFILE = "";
			};
			name = Release;
		};
		16495DDC1D3404C800B70ECA /* Debug */ = {
			isa = XCBuildConfiguration;
			buildSettings = {
				BUNDLE_LOADER = "$(TEST_HOST)";
				INFOPLIST_FILE = "konashi-ir-receiverTests/Info.plist";
				LD_RUNPATH_SEARCH_PATHS = "$(inherited) @executable_path/Frameworks @loader_path/Frameworks";
				PRODUCT_BUNDLE_IDENTIFIER = "com.kunitoo.konashi-ir-receiverTests";
				PRODUCT_NAME = "$(TARGET_NAME)";
				TEST_HOST = "$(BUILT_PRODUCTS_DIR)/konashi-ir-receiver.app/konashi-ir-receiver";
			};
			name = Debug;
		};
		16495DDD1D3404C800B70ECA /* Release */ = {
			isa = XCBuildConfiguration;
			buildSettings = {
				BUNDLE_LOADER = "$(TEST_HOST)";
				INFOPLIST_FILE = "konashi-ir-receiverTests/Info.plist";
				LD_RUNPATH_SEARCH_PATHS = "$(inherited) @executable_path/Frameworks @loader_path/Frameworks";
				PRODUCT_BUNDLE_IDENTIFIER = "com.kunitoo.konashi-ir-receiverTests";
				PRODUCT_NAME = "$(TARGET_NAME)";
				TEST_HOST = "$(BUILT_PRODUCTS_DIR)/konashi-ir-receiver.app/konashi-ir-receiver";
			};
			name = Release;
		};
		16495DDF1D3404C800B70ECA /* Debug */ = {
			isa = XCBuildConfiguration;
			buildSettings = {
				INFOPLIST_FILE = "konashi-ir-receiverUITests/Info.plist";
				LD_RUNPATH_SEARCH_PATHS = "$(inherited) @executable_path/Frameworks @loader_path/Frameworks";
				PRODUCT_BUNDLE_IDENTIFIER = "com.kunitoo.konashi-ir-receiverUITests";
				PRODUCT_NAME = "$(TARGET_NAME)";
				TEST_TARGET_NAME = "konashi-ir-receiver";
			};
			name = Debug;
		};
		16495DE01D3404C800B70ECA /* Release */ = {
			isa = XCBuildConfiguration;
			buildSettings = {
				INFOPLIST_FILE = "konashi-ir-receiverUITests/Info.plist";
				LD_RUNPATH_SEARCH_PATHS = "$(inherited) @executable_path/Frameworks @loader_path/Frameworks";
				PRODUCT_BUNDLE_IDENTIFIER = "com.kunitoo.konashi-ir-receiverUITests";
				PRODUCT_NAME = "$(TARGET_NAME)";
				TEST_TARGET_NAME = "konashi-ir-receiver";
			};
			name = Release;
		};
/* End XCBuildConfiguration section */

/* Begin XCConfigurationList section */
		16495DAB1D3404C800B70ECA /* Build configuration list for PBXProject "konashi-ir-receiver" */ = {
			isa = XCConfigurationList;
			buildConfigurations = (
				16495DD61D3404C800B70ECA /* Debug */,
				16495DD71D3404C800B70ECA /* Release */,
			);
			defaultConfigurationIsVisible = 0;
			defaultConfigurationName = Release;
		};
		16495DD81D3404C800B70ECA /* Build configuration list for PBXNativeTarget "konashi-ir-receiver" */ = {
			isa = XCConfigurationList;
			buildConfigurations = (
				16495DD91D3404C800B70ECA /* Debug */,
				16495DDA1D3404C800B70ECA /* Release */,
			);
			defaultConfigurationIsVisible = 0;
			defaultConfigurationName = Release;
		};
		16495DDB1D3404C800B70ECA /* Build configuration list for PBXNativeTarget "konashi-ir-receiverTests" */ = {
			isa = XCConfigurationList;
			buildConfigurations = (
				16495DDC1D3404C800B70ECA /* Debug */,
				16495DDD1D3404C800B70ECA /* Release */,
			);
			defaultConfigurationIsVisible = 0;
			defaultConfigurationName = Release;
		};
		16495DDE1D3404C800B70ECA /* Build configuration list for PBXNativeTarget "konashi-ir-receiverUITests" */ = {
			isa = XCConfigurationList;
			buildConfigurations = (
				16495DDF1D3404C800B70ECA /* Debug */,
				16495DE01D3404C800B70ECA /* Release */,
			);
			defaultConfigurationIsVisible = 0;
			defaultConfigurationName = Release;
		};
/* End XCConfigurationList section */
	};
	rootObject = 16495DA81D3404C800B70ECA /* Project object */;
}
